
Microsoft Visual Studio Solution File, Format Version 12.00
# Visual Studio 14
VisualStudioVersion = 14.0.25420.1
MinimumVisualStudioVersion = 10.0.40219.1
Project("{FAE04EC0-301F-11D3-BF4B-00C04F79EFBC}") = "FEUEM_ePresence", "FEUEM_ePresence\FEUEM_ePresence.csproj", "{0A9FF693-A239-4AD9-8158-220A18504BC9}"
EndProject
Project("{FAE04EC0-301F-11D3-BF4B-00C04F79EFBC}") = "FEUEM_ePresence.Tests", "FEUEM_ePresence.Tests\FEUEM_ePresence.Tests.csproj", "{7C70E04D-6249-4B85-898A-A3B98CA5EACB}"
EndProject
Global
	GlobalSection(SolutionConfigurationPlatforms) = preSolution
		Debug|Any CPU = Debug|Any CPU
		Release|Any CPU = Release|Any CPU
	EndGlobalSection
	GlobalSection(ProjectConfigurationPlatforms) = postSolution
		{0A9FF693-A239-4AD9-8158-220A18504BC9}.Debug|Any CPU.ActiveCfg = Debug|Any CPU
		{0A9FF693-A239-4AD9-8158-220A18504BC9}.Debug|Any CPU.Build.0 = Debug|Any CPU
		{0A9FF693-A239-4AD9-8158-220A18504BC9}.Release|Any CPU.ActiveCfg = Release|Any CPU
		{0A9FF693-A239-4AD9-8158-220A18504BC9}.Release|Any CPU.Build.0 = Release|Any CPU
		{7C70E04D-6249-4B85-898A-A3B98CA5EACB}.Debug|Any CPU.ActiveCfg = Debug|Any CPU
		{7C70E04D-6249-4B85-898A-A3B98CA5EACB}.Debug|Any CPU.Build.0 = Debug|Any CPU
		{7C70E04D-6249-4B85-898A-A3B98CA5EACB}.Release|Any CPU.ActiveCfg = Release|Any CPU
		{7C70E04D-6249-4B85-898A-A3B98CA5EACB}.Release|Any CPU.Build.0 = Release|Any CPU
	EndGlobalSection
	GlobalSection(SolutionProperties) = preSolution
		HideSolutionNode = FALSE
	EndGlobalSection
EndGlobal
